
Microsoft Visual Studio Solution File, Format Version 12.00
# Visual Studio Version 16
VisualStudioVersion = 16.0.31624.102
MinimumVisualStudioVersion = 10.0.40219.1
Project("{FAE04EC0-301F-11D3-BF4B-00C04F79EFBC}") = "Word", "Word\Word.csproj", "{8F750FEB-04B3-4D77-AA4F-A992364D5210}"
EndProject
Global
	GlobalSection(SolutionConfigurationPlatforms) = preSolution
		Debug|Any CPU = Debug|Any CPU
		Release|Any CPU = Release|Any CPU
	EndGlobalSection
	GlobalSection(ProjectConfigurationPlatforms) = postSolution
		{8F750FEB-04B3-4D77-AA4F-A992364D5210}.Debug|Any CPU.ActiveCfg = Debug|Any CPU
		{8F750FEB-04B3-4D77-AA4F-A992364D5210}.Debug|Any CPU.Build.0 = Debug|Any CPU
		{8F750FEB-04B3-4D77-AA4F-A992364D5210}.Release|Any CPU.ActiveCfg = Release|Any CPU
		{8F750FEB-04B3-4D77-AA4F-A992364D5210}.Release|Any CPU.Build.0 = Release|Any CPU
	EndGlobalSection
	GlobalSection(SolutionProperties) = preSolution
		HideSolutionNode = FALSE
	EndGlobalSection
	GlobalSection(ExtensibilityGlobals) = postSolution
		SolutionGuid = {939AEA60-A113-4A80-88ED-1C415CB84F77}
	EndGlobalSection
EndGlobal
